// !$*UTF8*$!
{
	archiveVersion = 1;
	classes = {
	};
	objectVersion = 50;
	objects = {

/* Begin PBXBuildFile section */
		4A0D4C6722E31EBB002F0A89 /* TableViewCellProtocol.swift in Sources */ = {isa = PBXBuildFile; fileRef = 4A0D4C6622E31EBB002F0A89 /* TableViewCellProtocol.swift */; };
		4A0DB2BB22D68AFB00BA38D5 /* StoryInteractor.swift in Sources */ = {isa = PBXBuildFile; fileRef = 4A0DB2BA22D68AFB00BA38D5 /* StoryInteractor.swift */; };
		4A0DB2C122D68FF500BA38D5 /* StorySettingsViewController.swift in Sources */ = {isa = PBXBuildFile; fileRef = 4A0DB2C022D68FF500BA38D5 /* StorySettingsViewController.swift */; };
		4A0DB2C322D6900E00BA38D5 /* StorySettingsPresenter.swift in Sources */ = {isa = PBXBuildFile; fileRef = 4A0DB2C222D6900E00BA38D5 /* StorySettingsPresenter.swift */; };
		4A0DB2C522D690BA00BA38D5 /* StorySettingsInteractor.swift in Sources */ = {isa = PBXBuildFile; fileRef = 4A0DB2C422D690BA00BA38D5 /* StorySettingsInteractor.swift */; };
		4A493A0D22DE5F36008FFE12 /* HomeCollectionViewDataSource.swift in Sources */ = {isa = PBXBuildFile; fileRef = 4A493A0C22DE5F36008FFE12 /* HomeCollectionViewDataSource.swift */; };
		FF1C8C8B22CCC3B600F3A862 /* AppDelegate.swift in Sources */ = {isa = PBXBuildFile; fileRef = FF1C8C8A22CCC3B600F3A862 /* AppDelegate.swift */; };
		FF1C8C8D22CCC3B600F3A862 /* ViewController.swift in Sources */ = {isa = PBXBuildFile; fileRef = FF1C8C8C22CCC3B600F3A862 /* ViewController.swift */; };
		FF1C8C9022CCC3B600F3A862 /* Main.storyboard in Resources */ = {isa = PBXBuildFile; fileRef = FF1C8C8E22CCC3B600F3A862 /* Main.storyboard */; };
		FF1C8C9222CCC3B800F3A862 /* Assets.xcassets in Resources */ = {isa = PBXBuildFile; fileRef = FF1C8C9122CCC3B800F3A862 /* Assets.xcassets */; };
		FF1C8C9522CCC3B800F3A862 /* LaunchScreen.storyboard in Resources */ = {isa = PBXBuildFile; fileRef = FF1C8C9322CCC3B800F3A862 /* LaunchScreen.storyboard */; };
		FF1C8CA022CCC3B800F3A862 /* MockUpUITests.swift in Sources */ = {isa = PBXBuildFile; fileRef = FF1C8C9F22CCC3B800F3A862 /* MockUpUITests.swift */; };
		FF1C8CAB22CCC41900F3A862 /* BaseNavigationViewController.swift in Sources */ = {isa = PBXBuildFile; fileRef = FF1C8CAA22CCC41900F3A862 /* BaseNavigationViewController.swift */; };
		FF1C8CAD22CCCC4D00F3A862 /* MainViewPresenter.swift in Sources */ = {isa = PBXBuildFile; fileRef = FF1C8CAC22CCCC4D00F3A862 /* MainViewPresenter.swift */; };
		FF1C8CAF22CCD01B00F3A862 /* UIViewExtension.swift in Sources */ = {isa = PBXBuildFile; fileRef = FF1C8CAE22CCD01B00F3A862 /* UIViewExtension.swift */; };
		FF1C8CB122CCDCF400F3A862 /* ProfileTableViewCell.swift in Sources */ = {isa = PBXBuildFile; fileRef = FF1C8CB022CCDCF400F3A862 /* ProfileTableViewCell.swift */; };
		FF1C8CB322CCE5DB00F3A862 /* UITableViewCellExtension.swift in Sources */ = {isa = PBXBuildFile; fileRef = FF1C8CB222CCE5DB00F3A862 /* UITableViewCellExtension.swift */; };
		FF1C8CBA22CD036E00F3A862 /* UIImageExtension.swift in Sources */ = {isa = PBXBuildFile; fileRef = FF1C8CB922CD036E00F3A862 /* UIImageExtension.swift */; };
		FF1C8CBC22CD07C200F3A862 /* UIColorExtension.swift in Sources */ = {isa = PBXBuildFile; fileRef = FF1C8CBB22CD07C200F3A862 /* UIColorExtension.swift */; };
		FF1C8CBE22CD0B1700F3A862 /* FriendsListTableViewCell.swift in Sources */ = {isa = PBXBuildFile; fileRef = FF1C8CBD22CD0B1700F3A862 /* FriendsListTableViewCell.swift */; };
		FF1C8CC022CD154100F3A862 /* UICollectionViewCellExtension.swift in Sources */ = {isa = PBXBuildFile; fileRef = FF1C8CBF22CD154100F3A862 /* UICollectionViewCellExtension.swift */; };
		FF3DCFC922CE527400BAC269 /* File.swift in Sources */ = {isa = PBXBuildFile; fileRef = FF3DCFC822CE527400BAC269 /* File.swift */; };
		FF3DCFCB22CE567600BAC269 /* FriendCollectionViewCell.swift in Sources */ = {isa = PBXBuildFile; fileRef = FF3DCFCA22CE567600BAC269 /* FriendCollectionViewCell.swift */; };
		FF40F96322E2257C008BDA2F /* BioTextViewDelegate.swift in Sources */ = {isa = PBXBuildFile; fileRef = FF40F96222E2257C008BDA2F /* BioTextViewDelegate.swift */; };
		FF485C3D22CF6E4E00993196 /* NavigationBarProtocol.swift in Sources */ = {isa = PBXBuildFile; fileRef = FF485C3C22CF6E4E00993196 /* NavigationBarProtocol.swift */; };
		FF763F4422D61E1400620347 /* demo.json in Resources */ = {isa = PBXBuildFile; fileRef = FF763F4322D61E1400620347 /* demo.json */; };
		FF763F4622D61E2D00620347 /* Feed.swift in Sources */ = {isa = PBXBuildFile; fileRef = FF763F4522D61E2D00620347 /* Feed.swift */; };
		FF763F4822D6221500620347 /* DataLoader.swift in Sources */ = {isa = PBXBuildFile; fileRef = FF763F4722D6221500620347 /* DataLoader.swift */; };
		FF763F4A22D623A800620347 /* HomeViewTableViewDataSource.swift in Sources */ = {isa = PBXBuildFile; fileRef = FF763F4922D623A800620347 /* HomeViewTableViewDataSource.swift */; };
		FF763F4E22D6244600620347 /* HomeViewTableViewDelegate.swift in Sources */ = {isa = PBXBuildFile; fileRef = FF763F4D22D6244600620347 /* HomeViewTableViewDelegate.swift */; };
		FF763F5022D628CC00620347 /* NewsFeedTableViewCell.swift in Sources */ = {isa = PBXBuildFile; fileRef = FF763F4F22D628CC00620347 /* NewsFeedTableViewCell.swift */; };
		FF763F5522D6476D00620347 /* CameraController.swift in Sources */ = {isa = PBXBuildFile; fileRef = FF763F5422D6476D00620347 /* CameraController.swift */; };
		FF763F5922D647EB00620347 /* CameraControllerExtension.swift in Sources */ = {isa = PBXBuildFile; fileRef = FF763F5822D647EB00620347 /* CameraControllerExtension.swift */; };
		FF763F5C22D6484300620347 /* CameraControllerEnum.swift in Sources */ = {isa = PBXBuildFile; fileRef = FF763F5B22D6484300620347 /* CameraControllerEnum.swift */; };
		FF763F5E22D64AE100620347 /* StoryViewController.swift in Sources */ = {isa = PBXBuildFile; fileRef = FF763F5D22D64AE100620347 /* StoryViewController.swift */; };
		FF763F6022D64AEF00620347 /* StoryPresenter.swift in Sources */ = {isa = PBXBuildFile; fileRef = FF763F5F22D64AEF00620347 /* StoryPresenter.swift */; };
		FFA0658222D4C86E003B0B60 /* UIButtonExtension.swift in Sources */ = {isa = PBXBuildFile; fileRef = FFA0658122D4C86E003B0B60 /* UIButtonExtension.swift */; };
		FFA0658622D4CAA7003B0B60 /* Constants.swift in Sources */ = {isa = PBXBuildFile; fileRef = FFA0658522D4CAA7003B0B60 /* Constants.swift */; };
		FFA0658D22D4D4D9003B0B60 /* BioPresenter.swift in Sources */ = {isa = PBXBuildFile; fileRef = FFA0658C22D4D4D9003B0B60 /* BioPresenter.swift */; };
		FFA0658F22D4D51B003B0B60 /* BioInteractor.swift in Sources */ = {isa = PBXBuildFile; fileRef = FFA0658E22D4D51B003B0B60 /* BioInteractor.swift */; };
		FFA0659122D4D5F8003B0B60 /* BioViewController.swift in Sources */ = {isa = PBXBuildFile; fileRef = FFA0659022D4D5F8003B0B60 /* BioViewController.swift */; };
		FFA0659322D4D6A6003B0B60 /* LayoutProtocol.swift in Sources */ = {isa = PBXBuildFile; fileRef = FFA0659222D4D6A6003B0B60 /* LayoutProtocol.swift */; };
		FFA0659622D4D719003B0B60 /* MainViewInteractor.swift in Sources */ = {isa = PBXBuildFile; fileRef = FFA0659522D4D719003B0B60 /* MainViewInteractor.swift */; };
/* End PBXBuildFile section */

/* Begin PBXContainerItemProxy section */
		FF1C8C9C22CCC3B800F3A862 /* PBXContainerItemProxy */ = {
			isa = PBXContainerItemProxy;
			containerPortal = FF1C8C7F22CCC3B600F3A862 /* Project object */;
			proxyType = 1;
			remoteGlobalIDString = FF1C8C8622CCC3B600F3A862;
			remoteInfo = MockUpUI;
		};
/* End PBXContainerItemProxy section */

/* Begin PBXFileReference section */
		4A0D4C6622E31EBB002F0A89 /* TableViewCellProtocol.swift */ = {isa = PBXFileReference; lastKnownFileType = sourcecode.swift; path = TableViewCellProtocol.swift; sourceTree = "<group>"; };
		4A0DB2BA22D68AFB00BA38D5 /* StoryInteractor.swift */ = {isa = PBXFileReference; lastKnownFileType = sourcecode.swift; path = StoryInteractor.swift; sourceTree = "<group>"; };
		4A0DB2C022D68FF500BA38D5 /* StorySettingsViewController.swift */ = {isa = PBXFileReference; lastKnownFileType = sourcecode.swift; path = StorySettingsViewController.swift; sourceTree = "<group>"; };
		4A0DB2C222D6900E00BA38D5 /* StorySettingsPresenter.swift */ = {isa = PBXFileReference; lastKnownFileType = sourcecode.swift; path = StorySettingsPresenter.swift; sourceTree = "<group>"; };
		4A0DB2C422D690BA00BA38D5 /* StorySettingsInteractor.swift */ = {isa = PBXFileReference; lastKnownFileType = sourcecode.swift; path = StorySettingsInteractor.swift; sourceTree = "<group>"; };
		4A493A0C22DE5F36008FFE12 /* HomeCollectionViewDataSource.swift */ = {isa = PBXFileReference; lastKnownFileType = sourcecode.swift; path = HomeCollectionViewDataSource.swift; sourceTree = "<group>"; };
		FF1C8C8722CCC3B600F3A862 /* MockUpUI.app */ = {isa = PBXFileReference; explicitFileType = wrapper.application; includeInIndex = 0; path = MockUpUI.app; sourceTree = BUILT_PRODUCTS_DIR; };
		FF1C8C8A22CCC3B600F3A862 /* AppDelegate.swift */ = {isa = PBXFileReference; lastKnownFileType = sourcecode.swift; path = AppDelegate.swift; sourceTree = "<group>"; };
		FF1C8C8C22CCC3B600F3A862 /* ViewController.swift */ = {isa = PBXFileReference; lastKnownFileType = sourcecode.swift; path = ViewController.swift; sourceTree = "<group>"; };
		FF1C8C8F22CCC3B600F3A862 /* Base */ = {isa = PBXFileReference; lastKnownFileType = file.storyboard; name = Base; path = Base.lproj/Main.storyboard; sourceTree = "<group>"; };
		FF1C8C9122CCC3B800F3A862 /* Assets.xcassets */ = {isa = PBXFileReference; lastKnownFileType = folder.assetcatalog; path = Assets.xcassets; sourceTree = "<group>"; };
		FF1C8C9422CCC3B800F3A862 /* Base */ = {isa = PBXFileReference; lastKnownFileType = file.storyboard; name = Base; path = Base.lproj/LaunchScreen.storyboard; sourceTree = "<group>"; };
		FF1C8C9622CCC3B800F3A862 /* Info.plist */ = {isa = PBXFileReference; lastKnownFileType = text.plist.xml; path = Info.plist; sourceTree = "<group>"; };
		FF1C8C9B22CCC3B800F3A862 /* MockUpUITests.xctest */ = {isa = PBXFileReference; explicitFileType = wrapper.cfbundle; includeInIndex = 0; path = MockUpUITests.xctest; sourceTree = BUILT_PRODUCTS_DIR; };
		FF1C8C9F22CCC3B800F3A862 /* MockUpUITests.swift */ = {isa = PBXFileReference; lastKnownFileType = sourcecode.swift; path = MockUpUITests.swift; sourceTree = "<group>"; };
		FF1C8CA122CCC3B800F3A862 /* Info.plist */ = {isa = PBXFileReference; lastKnownFileType = text.plist.xml; path = Info.plist; sourceTree = "<group>"; };
		FF1C8CAA22CCC41900F3A862 /* BaseNavigationViewController.swift */ = {isa = PBXFileReference; lastKnownFileType = sourcecode.swift; path = BaseNavigationViewController.swift; sourceTree = "<group>"; };
		FF1C8CAC22CCCC4D00F3A862 /* MainViewPresenter.swift */ = {isa = PBXFileReference; lastKnownFileType = sourcecode.swift; path = MainViewPresenter.swift; sourceTree = "<group>"; };
		FF1C8CAE22CCD01B00F3A862 /* UIViewExtension.swift */ = {isa = PBXFileReference; lastKnownFileType = sourcecode.swift; path = UIViewExtension.swift; sourceTree = "<group>"; };
		FF1C8CB022CCDCF400F3A862 /* ProfileTableViewCell.swift */ = {isa = PBXFileReference; lastKnownFileType = sourcecode.swift; path = ProfileTableViewCell.swift; sourceTree = "<group>"; };
		FF1C8CB222CCE5DB00F3A862 /* UITableViewCellExtension.swift */ = {isa = PBXFileReference; lastKnownFileType = sourcecode.swift; path = UITableViewCellExtension.swift; sourceTree = "<group>"; };
		FF1C8CB922CD036E00F3A862 /* UIImageExtension.swift */ = {isa = PBXFileReference; lastKnownFileType = sourcecode.swift; path = UIImageExtension.swift; sourceTree = "<group>"; };
		FF1C8CBB22CD07C200F3A862 /* UIColorExtension.swift */ = {isa = PBXFileReference; lastKnownFileType = sourcecode.swift; path = UIColorExtension.swift; sourceTree = "<group>"; };
		FF1C8CBD22CD0B1700F3A862 /* FriendsListTableViewCell.swift */ = {isa = PBXFileReference; lastKnownFileType = sourcecode.swift; path = FriendsListTableViewCell.swift; sourceTree = "<group>"; };
		FF1C8CBF22CD154100F3A862 /* UICollectionViewCellExtension.swift */ = {isa = PBXFileReference; lastKnownFileType = sourcecode.swift; path = UICollectionViewCellExtension.swift; sourceTree = "<group>"; };
		FF3DCFC822CE527400BAC269 /* File.swift */ = {isa = PBXFileReference; lastKnownFileType = sourcecode.swift; path = File.swift; sourceTree = "<group>"; };
		FF3DCFCA22CE567600BAC269 /* FriendCollectionViewCell.swift */ = {isa = PBXFileReference; lastKnownFileType = sourcecode.swift; path = FriendCollectionViewCell.swift; sourceTree = "<group>"; };
		FF40F96222E2257C008BDA2F /* BioTextViewDelegate.swift */ = {isa = PBXFileReference; lastKnownFileType = sourcecode.swift; path = BioTextViewDelegate.swift; sourceTree = "<group>"; };
		FF485C3C22CF6E4E00993196 /* NavigationBarProtocol.swift */ = {isa = PBXFileReference; lastKnownFileType = sourcecode.swift; path = NavigationBarProtocol.swift; sourceTree = "<group>"; };
		FF763F4322D61E1400620347 /* demo.json */ = {isa = PBXFileReference; fileEncoding = 4; lastKnownFileType = text.json; path = demo.json; sourceTree = "<group>"; };
		FF763F4522D61E2D00620347 /* Feed.swift */ = {isa = PBXFileReference; lastKnownFileType = sourcecode.swift; path = Feed.swift; sourceTree = "<group>"; };
		FF763F4722D6221500620347 /* DataLoader.swift */ = {isa = PBXFileReference; lastKnownFileType = sourcecode.swift; path = DataLoader.swift; sourceTree = "<group>"; };
		FF763F4922D623A800620347 /* HomeViewTableViewDataSource.swift */ = {isa = PBXFileReference; lastKnownFileType = sourcecode.swift; path = HomeViewTableViewDataSource.swift; sourceTree = "<group>"; };
		FF763F4D22D6244600620347 /* HomeViewTableViewDelegate.swift */ = {isa = PBXFileReference; lastKnownFileType = sourcecode.swift; path = HomeViewTableViewDelegate.swift; sourceTree = "<group>"; };
		FF763F4F22D628CC00620347 /* NewsFeedTableViewCell.swift */ = {isa = PBXFileReference; lastKnownFileType = sourcecode.swift; path = NewsFeedTableViewCell.swift; sourceTree = "<group>"; };
		FF763F5422D6476D00620347 /* CameraController.swift */ = {isa = PBXFileReference; lastKnownFileType = sourcecode.swift; path = CameraController.swift; sourceTree = "<group>"; };
		FF763F5822D647EB00620347 /* CameraControllerExtension.swift */ = {isa = PBXFileReference; lastKnownFileType = sourcecode.swift; path = CameraControllerExtension.swift; sourceTree = "<group>"; };
		FF763F5B22D6484300620347 /* CameraControllerEnum.swift */ = {isa = PBXFileReference; lastKnownFileType = sourcecode.swift; path = CameraControllerEnum.swift; sourceTree = "<group>"; };
		FF763F5D22D64AE100620347 /* StoryViewController.swift */ = {isa = PBXFileReference; lastKnownFileType = sourcecode.swift; path = StoryViewController.swift; sourceTree = "<group>"; };
		FF763F5F22D64AEF00620347 /* StoryPresenter.swift */ = {isa = PBXFileReference; lastKnownFileType = sourcecode.swift; path = StoryPresenter.swift; sourceTree = "<group>"; };
		FFA0658122D4C86E003B0B60 /* UIButtonExtension.swift */ = {isa = PBXFileReference; fileEncoding = 4; lastKnownFileType = sourcecode.swift; path = UIButtonExtension.swift; sourceTree = "<group>"; };
		FFA0658522D4CAA7003B0B60 /* Constants.swift */ = {isa = PBXFileReference; lastKnownFileType = sourcecode.swift; path = Constants.swift; sourceTree = "<group>"; };
		FFA0658C22D4D4D9003B0B60 /* BioPresenter.swift */ = {isa = PBXFileReference; lastKnownFileType = sourcecode.swift; path = BioPresenter.swift; sourceTree = "<group>"; };
		FFA0658E22D4D51B003B0B60 /* BioInteractor.swift */ = {isa = PBXFileReference; lastKnownFileType = sourcecode.swift; path = BioInteractor.swift; sourceTree = "<group>"; };
		FFA0659022D4D5F8003B0B60 /* BioViewController.swift */ = {isa = PBXFileReference; lastKnownFileType = sourcecode.swift; path = BioViewController.swift; sourceTree = "<group>"; };
		FFA0659222D4D6A6003B0B60 /* LayoutProtocol.swift */ = {isa = PBXFileReference; lastKnownFileType = sourcecode.swift; path = LayoutProtocol.swift; sourceTree = "<group>"; };
		FFA0659522D4D719003B0B60 /* MainViewInteractor.swift */ = {isa = PBXFileReference; lastKnownFileType = sourcecode.swift; path = MainViewInteractor.swift; sourceTree = "<group>"; };
/* End PBXFileReference section */

/* Begin PBXFrameworksBuildPhase section */
		FF1C8C8422CCC3B600F3A862 /* Frameworks */ = {
			isa = PBXFrameworksBuildPhase;
			buildActionMask = 2147483647;
			files = (
			);
			runOnlyForDeploymentPostprocessing = 0;
		};
		FF1C8C9822CCC3B800F3A862 /* Frameworks */ = {
			isa = PBXFrameworksBuildPhase;
			buildActionMask = 2147483647;
			files = (
			);
			runOnlyForDeploymentPostprocessing = 0;
		};
/* End PBXFrameworksBuildPhase section */

/* Begin PBXGroup section */
		4A0D4C6822E32542002F0A89 /* App */ = {
			isa = PBXGroup;
			children = (
				FF1C8CB522CCE6EC00F3A862 /* Home */,
				FFA0658722D4D3C5003B0B60 /* Bio */,
				FF763F5122D646D300620347 /* Story */,
			);
			path = App;
			sourceTree = "<group>";
		};
		4A0D4C6922E3255D002F0A89 /* Core */ = {
			isa = PBXGroup;
			children = (
				FF763F4222D61E0200620347 /* MockedJSON */,
				FFA0658422D4CA98003B0B60 /* Constants */,
				FF485C3B22CF6E3400993196 /* Protocol */,
				FF3DCFC722CE526800BAC269 /* Models */,
				FF1C8CB422CCE66200F3A862 /* Extensions */,
				FF1C8CB822CCE72700F3A862 /* BaseViewControllers */,
			);
			path = Core;
			sourceTree = "<group>";
		};
		4A0DB2B922D68AE700BA38D5 /* Interactor */ = {
			isa = PBXGroup;
			children = (
				4A0DB2BA22D68AFB00BA38D5 /* StoryInteractor.swift */,
			);
			path = Interactor;
			sourceTree = "<group>";
		};
		4A0DB2BC22D68FC200BA38D5 /* StorySettings */ = {
			isa = PBXGroup;
			children = (
				4A0DB2BF22D68FDE00BA38D5 /* Interactor */,
				4A0DB2BE22D68FD400BA38D5 /* Presenter */,
				4A0DB2BD22D68FCB00BA38D5 /* Controller */,
			);
			path = StorySettings;
			sourceTree = "<group>";
		};
		4A0DB2BD22D68FCB00BA38D5 /* Controller */ = {
			isa = PBXGroup;
			children = (
				4A0DB2C022D68FF500BA38D5 /* StorySettingsViewController.swift */,
			);
			path = Controller;
			sourceTree = "<group>";
		};
		4A0DB2BE22D68FD400BA38D5 /* Presenter */ = {
			isa = PBXGroup;
			children = (
				4A0DB2C222D6900E00BA38D5 /* StorySettingsPresenter.swift */,
			);
			path = Presenter;
			sourceTree = "<group>";
		};
		4A0DB2BF22D68FDE00BA38D5 /* Interactor */ = {
			isa = PBXGroup;
			children = (
				4A0DB2C422D690BA00BA38D5 /* StorySettingsInteractor.swift */,
			);
			path = Interactor;
			sourceTree = "<group>";
		};
		4A493A0B22DE5F11008FFE12 /* CollectionViewDataSource */ = {
			isa = PBXGroup;
			children = (
				4A493A0C22DE5F36008FFE12 /* HomeCollectionViewDataSource.swift */,
			);
			path = CollectionViewDataSource;
			sourceTree = "<group>";
		};
		FF1C8C7E22CCC3B600F3A862 = {
			isa = PBXGroup;
			children = (
				FF1C8C8922CCC3B600F3A862 /* MockUpUI */,
				FF1C8C9E22CCC3B800F3A862 /* MockUpUITests */,
				FF1C8C8822CCC3B600F3A862 /* Products */,
			);
			sourceTree = "<group>";
		};
		FF1C8C8822CCC3B600F3A862 /* Products */ = {
			isa = PBXGroup;
			children = (
				FF1C8C8722CCC3B600F3A862 /* MockUpUI.app */,
				FF1C8C9B22CCC3B800F3A862 /* MockUpUITests.xctest */,
			);
			name = Products;
			sourceTree = "<group>";
		};
		FF1C8C8922CCC3B600F3A862 /* MockUpUI */ = {
			isa = PBXGroup;
			children = (
				4A0D4C6922E3255D002F0A89 /* Core */,
				4A0D4C6822E32542002F0A89 /* App */,
				FF1C8C8A22CCC3B600F3A862 /* AppDelegate.swift */,
				FF1C8C8E22CCC3B600F3A862 /* Main.storyboard */,
				FF1C8C9122CCC3B800F3A862 /* Assets.xcassets */,
				FF1C8C9322CCC3B800F3A862 /* LaunchScreen.storyboard */,
				FF1C8C9622CCC3B800F3A862 /* Info.plist */,
			);
			path = MockUpUI;
			sourceTree = "<group>";
		};
		FF1C8C9E22CCC3B800F3A862 /* MockUpUITests */ = {
			isa = PBXGroup;
			children = (
				FF1C8C9F22CCC3B800F3A862 /* MockUpUITests.swift */,
				FF1C8CA122CCC3B800F3A862 /* Info.plist */,
			);
			path = MockUpUITests;
			sourceTree = "<group>";
		};
		FF1C8CB422CCE66200F3A862 /* Extensions */ = {
			isa = PBXGroup;
			children = (
				FFA0658122D4C86E003B0B60 /* UIButtonExtension.swift */,
				FF1C8CAE22CCD01B00F3A862 /* UIViewExtension.swift */,
				FF1C8CB222CCE5DB00F3A862 /* UITableViewCellExtension.swift */,
				FF1C8CB922CD036E00F3A862 /* UIImageExtension.swift */,
				FF1C8CBB22CD07C200F3A862 /* UIColorExtension.swift */,
				FF1C8CBF22CD154100F3A862 /* UICollectionViewCellExtension.swift */,
			);
			path = Extensions;
			sourceTree = "<group>";
		};
		FF1C8CB522CCE6EC00F3A862 /* Home */ = {
			isa = PBXGroup;
			children = (
				4A493A0B22DE5F11008FFE12 /* CollectionViewDataSource */,
				FF763F4C22D6240B00620347 /* TableViewDelegate */,
				FF763F4B22D623F300620347 /* TableViewDataSource */,
				FFA0658922D4D40B003B0B60 /* Controller */,
				FFA0658322D4C889003B0B60 /* Interactor */,
				FF1C8CB722CCE71800F3A862 /* Views */,
				FF1C8CB622CCE70300F3A862 /* Presenter */,
			);
			path = Home;
			sourceTree = "<group>";
		};
		FF1C8CB622CCE70300F3A862 /* Presenter */ = {
			isa = PBXGroup;
			children = (
				FF1C8CAC22CCCC4D00F3A862 /* MainViewPresenter.swift */,
			);
			path = Presenter;
			sourceTree = "<group>";
		};
		FF1C8CB722CCE71800F3A862 /* Views */ = {
			isa = PBXGroup;
			children = (
				FF3DCFCD22CE569400BAC269 /* TableViewCells */,
				FF3DCFCC22CE567900BAC269 /* CollectionViewCells */,
			);
			path = Views;
			sourceTree = "<group>";
		};
		FF1C8CB822CCE72700F3A862 /* BaseViewControllers */ = {
			isa = PBXGroup;
			children = (
				FF1C8CAA22CCC41900F3A862 /* BaseNavigationViewController.swift */,
			);
			path = BaseViewControllers;
			sourceTree = "<group>";
		};
		FF3DCFC722CE526800BAC269 /* Models */ = {
			isa = PBXGroup;
			children = (
				FF3DCFC822CE527400BAC269 /* File.swift */,
				FF763F4522D61E2D00620347 /* Feed.swift */,
			);
			path = Models;
			sourceTree = "<group>";
		};
		FF3DCFCC22CE567900BAC269 /* CollectionViewCells */ = {
			isa = PBXGroup;
			children = (
				FF3DCFCA22CE567600BAC269 /* FriendCollectionViewCell.swift */,
			);
			path = CollectionViewCells;
			sourceTree = "<group>";
		};
		FF3DCFCD22CE569400BAC269 /* TableViewCells */ = {
			isa = PBXGroup;
			children = (
				FF1C8CB022CCDCF400F3A862 /* ProfileTableViewCell.swift */,
				FF1C8CBD22CD0B1700F3A862 /* FriendsListTableViewCell.swift */,
				FF763F4F22D628CC00620347 /* NewsFeedTableViewCell.swift */,
			);
			path = TableViewCells;
			sourceTree = "<group>";
		};
		FF40F96122E22550008BDA2F /* BioTextViewDelegate */ = {
			isa = PBXGroup;
			children = (
				FF40F96222E2257C008BDA2F /* BioTextViewDelegate.swift */,
			);
			path = BioTextViewDelegate;
			sourceTree = "<group>";
		};
		FF485C3B22CF6E3400993196 /* Protocol */ = {
			isa = PBXGroup;
			children = (
				FF485C3C22CF6E4E00993196 /* NavigationBarProtocol.swift */,
				FFA0659222D4D6A6003B0B60 /* LayoutProtocol.swift */,
				4A0D4C6622E31EBB002F0A89 /* TableViewCellProtocol.swift */,
			);
			path = Protocol;
			sourceTree = "<group>";
		};
		FF763F4222D61E0200620347 /* MockedJSON */ = {
			isa = PBXGroup;
			children = (
				FF763F4322D61E1400620347 /* demo.json */,
				FF763F4722D6221500620347 /* DataLoader.swift */,
			);
			path = MockedJSON;
			sourceTree = "<group>";
		};
		FF763F4B22D623F300620347 /* TableViewDataSource */ = {
			isa = PBXGroup;
			children = (
				FF763F4922D623A800620347 /* HomeViewTableViewDataSource.swift */,
			);
			path = TableViewDataSource;
			sourceTree = "<group>";
		};
		FF763F4C22D6240B00620347 /* TableViewDelegate */ = {
			isa = PBXGroup;
			children = (
				FF763F4D22D6244600620347 /* HomeViewTableViewDelegate.swift */,
			);
			path = TableViewDelegate;
			sourceTree = "<group>";
		};
		FF763F5122D646D300620347 /* Story */ = {
			isa = PBXGroup;
			children = (
				4A0DB2BC22D68FC200BA38D5 /* StorySettings */,
				4A0DB2B922D68AE700BA38D5 /* Interactor */,
				FF763F5622D6479200620347 /* Presenter */,
				FF763F5322D6475100620347 /* CameraController */,
				FF763F5222D6472000620347 /* Controller */,
			);
			path = Story;
			sourceTree = "<group>";
		};
		FF763F5222D6472000620347 /* Controller */ = {
			isa = PBXGroup;
			children = (
				FF763F5D22D64AE100620347 /* StoryViewController.swift */,
			);
			path = Controller;
			sourceTree = "<group>";
		};
		FF763F5322D6475100620347 /* CameraController */ = {
			isa = PBXGroup;
			children = (
				FF763F5A22D6482A00620347 /* Enum */,
				FF763F5722D647A000620347 /* CameraControllerExtention */,
				FF763F5422D6476D00620347 /* CameraController.swift */,
			);
			path = CameraController;
			sourceTree = "<group>";
		};
		FF763F5622D6479200620347 /* Presenter */ = {
			isa = PBXGroup;
			children = (
				FF763F5F22D64AEF00620347 /* StoryPresenter.swift */,
			);
			path = Presenter;
			sourceTree = "<group>";
		};
		FF763F5722D647A000620347 /* CameraControllerExtention */ = {
			isa = PBXGroup;
			children = (
				FF763F5822D647EB00620347 /* CameraControllerExtension.swift */,
			);
			path = CameraControllerExtention;
			sourceTree = "<group>";
		};
		FF763F5A22D6482A00620347 /* Enum */ = {
			isa = PBXGroup;
			children = (
				FF763F5B22D6484300620347 /* CameraControllerEnum.swift */,
			);
			path = Enum;
			sourceTree = "<group>";
		};
		FFA0658322D4C889003B0B60 /* Interactor */ = {
			isa = PBXGroup;
			children = (
				FFA0659522D4D719003B0B60 /* MainViewInteractor.swift */,
			);
			path = Interactor;
			sourceTree = "<group>";
		};
		FFA0658422D4CA98003B0B60 /* Constants */ = {
			isa = PBXGroup;
			children = (
				FFA0658522D4CAA7003B0B60 /* Constants.swift */,
			);
			path = Constants;
			sourceTree = "<group>";
		};
		FFA0658722D4D3C5003B0B60 /* Bio */ = {
			isa = PBXGroup;
			children = (
				FF40F96122E22550008BDA2F /* BioTextViewDelegate */,
				FFA0658B22D4D4A1003B0B60 /* Presenter */,
				FFA0658A22D4D416003B0B60 /* Interactor */,
				FFA0658822D4D402003B0B60 /* Controller */,
			);
			path = Bio;
			sourceTree = "<group>";
		};
		FFA0658822D4D402003B0B60 /* Controller */ = {
			isa = PBXGroup;
			children = (
				FFA0659022D4D5F8003B0B60 /* BioViewController.swift */,
			);
			path = Controller;
			sourceTree = "<group>";
		};
		FFA0658922D4D40B003B0B60 /* Controller */ = {
			isa = PBXGroup;
			children = (
				FF1C8C8C22CCC3B600F3A862 /* ViewController.swift */,
			);
			path = Controller;
			sourceTree = "<group>";
		};
		FFA0658A22D4D416003B0B60 /* Interactor */ = {
			isa = PBXGroup;
			children = (
				FFA0658E22D4D51B003B0B60 /* BioInteractor.swift */,
			);
			path = Interactor;
			sourceTree = "<group>";
		};
		FFA0658B22D4D4A1003B0B60 /* Presenter */ = {
			isa = PBXGroup;
			children = (
				FFA0658C22D4D4D9003B0B60 /* BioPresenter.swift */,
			);
			path = Presenter;
			sourceTree = "<group>";
		};
/* End PBXGroup section */

/* Begin PBXNativeTarget section */
		FF1C8C8622CCC3B600F3A862 /* MockUpUI */ = {
			isa = PBXNativeTarget;
			buildConfigurationList = FF1C8CA422CCC3B800F3A862 /* Build configuration list for PBXNativeTarget "MockUpUI" */;
			buildPhases = (
				FF1C8C8322CCC3B600F3A862 /* Sources */,
				FF1C8C8422CCC3B600F3A862 /* Frameworks */,
				FF1C8C8522CCC3B600F3A862 /* Resources */,
			);
			buildRules = (
			);
			dependencies = (
			);
			name = MockUpUI;
			productName = MockUpUI;
			productReference = FF1C8C8722CCC3B600F3A862 /* MockUpUI.app */;
			productType = "com.apple.product-type.application";
		};
		FF1C8C9A22CCC3B800F3A862 /* MockUpUITests */ = {
			isa = PBXNativeTarget;
			buildConfigurationList = FF1C8CA722CCC3B800F3A862 /* Build configuration list for PBXNativeTarget "MockUpUITests" */;
			buildPhases = (
				FF1C8C9722CCC3B800F3A862 /* Sources */,
				FF1C8C9822CCC3B800F3A862 /* Frameworks */,
				FF1C8C9922CCC3B800F3A862 /* Resources */,
			);
			buildRules = (
			);
			dependencies = (
				FF1C8C9D22CCC3B800F3A862 /* PBXTargetDependency */,
			);
			name = MockUpUITests;
			productName = MockUpUITests;
			productReference = FF1C8C9B22CCC3B800F3A862 /* MockUpUITests.xctest */;
			productType = "com.apple.product-type.bundle.unit-test";
		};
/* End PBXNativeTarget section */

/* Begin PBXProject section */
		FF1C8C7F22CCC3B600F3A862 /* Project object */ = {
			isa = PBXProject;
			attributes = {
				LastSwiftUpdateCheck = 1020;
				LastUpgradeCheck = 1020;
				ORGANIZATIONNAME = "Phil Martin";
				TargetAttributes = {
					FF1C8C8622CCC3B600F3A862 = {
						CreatedOnToolsVersion = 10.2.1;
					};
					FF1C8C9A22CCC3B800F3A862 = {
						CreatedOnToolsVersion = 10.2.1;
						TestTargetID = FF1C8C8622CCC3B600F3A862;
					};
				};
			};
			buildConfigurationList = FF1C8C8222CCC3B600F3A862 /* Build configuration list for PBXProject "MockUpUI" */;
			compatibilityVersion = "Xcode 9.3";
			developmentRegion = en;
			hasScannedForEncodings = 0;
			knownRegions = (
				en,
				Base,
			);
			mainGroup = FF1C8C7E22CCC3B600F3A862;
			productRefGroup = FF1C8C8822CCC3B600F3A862 /* Products */;
			projectDirPath = "";
			projectRoot = "";
			targets = (
				FF1C8C8622CCC3B600F3A862 /* MockUpUI */,
				FF1C8C9A22CCC3B800F3A862 /* MockUpUITests */,
			);
		};
/* End PBXProject section */

/* Begin PBXResourcesBuildPhase section */
		FF1C8C8522CCC3B600F3A862 /* Resources */ = {
			isa = PBXResourcesBuildPhase;
			buildActionMask = 2147483647;
			files = (
				FF1C8C9522CCC3B800F3A862 /* LaunchScreen.storyboard in Resources */,
				FF1C8C9222CCC3B800F3A862 /* Assets.xcassets in Resources */,
				FF763F4422D61E1400620347 /* demo.json in Resources */,
				FF1C8C9022CCC3B600F3A862 /* Main.storyboard in Resources */,
			);
			runOnlyForDeploymentPostprocessing = 0;
		};
		FF1C8C9922CCC3B800F3A862 /* Resources */ = {
			isa = PBXResourcesBuildPhase;
			buildActionMask = 2147483647;
			files = (
			);
			runOnlyForDeploymentPostprocessing = 0;
		};
/* End PBXResourcesBuildPhase section */

/* Begin PBXSourcesBuildPhase section */
		FF1C8C8322CCC3B600F3A862 /* Sources */ = {
			isa = PBXSourcesBuildPhase;
			buildActionMask = 2147483647;
			files = (
				FF763F5E22D64AE100620347 /* StoryViewController.swift in Sources */,
				FF763F5522D6476D00620347 /* CameraController.swift in Sources */,
				FF1C8CAF22CCD01B00F3A862 /* UIViewExtension.swift in Sources */,
				FF3DCFC922CE527400BAC269 /* File.swift in Sources */,
				FF763F4822D6221500620347 /* DataLoader.swift in Sources */,
				FFA0658D22D4D4D9003B0B60 /* BioPresenter.swift in Sources */,
				FF763F6022D64AEF00620347 /* StoryPresenter.swift in Sources */,
				FFA0659322D4D6A6003B0B60 /* LayoutProtocol.swift in Sources */,
				FF1C8CBE22CD0B1700F3A862 /* FriendsListTableViewCell.swift in Sources */,
				FF1C8CAB22CCC41900F3A862 /* BaseNavigationViewController.swift in Sources */,
				4A0DB2C122D68FF500BA38D5 /* StorySettingsViewController.swift in Sources */,
				FF1C8C8D22CCC3B600F3A862 /* ViewController.swift in Sources */,
				FFA0659122D4D5F8003B0B60 /* BioViewController.swift in Sources */,
				4A0D4C6722E31EBB002F0A89 /* TableViewCellProtocol.swift in Sources */,
				4A0DB2C522D690BA00BA38D5 /* StorySettingsInteractor.swift in Sources */,
				4A0DB2BB22D68AFB00BA38D5 /* StoryInteractor.swift in Sources */,
				FF1C8CB122CCDCF400F3A862 /* ProfileTableViewCell.swift in Sources */,
				FF1C8CB322CCE5DB00F3A862 /* UITableViewCellExtension.swift in Sources */,
				FF763F5922D647EB00620347 /* CameraControllerExtension.swift in Sources */,
				FFA0658622D4CAA7003B0B60 /* Constants.swift in Sources */,
				FF1C8CBC22CD07C200F3A862 /* UIColorExtension.swift in Sources */,
				FF1C8CAD22CCCC4D00F3A862 /* MainViewPresenter.swift in Sources */,
				FF763F5C22D6484300620347 /* CameraControllerEnum.swift in Sources */,
				FF763F5022D628CC00620347 /* NewsFeedTableViewCell.swift in Sources */,
				FF485C3D22CF6E4E00993196 /* NavigationBarProtocol.swift in Sources */,
				FF1C8C8B22CCC3B600F3A862 /* AppDelegate.swift in Sources */,
				FF763F4622D61E2D00620347 /* Feed.swift in Sources */,
				FFA0658222D4C86E003B0B60 /* UIButtonExtension.swift in Sources */,
				FF40F96322E2257C008BDA2F /* BioTextViewDelegate.swift in Sources */,
				FF763F4A22D623A800620347 /* HomeViewTableViewDataSource.swift in Sources */,
				FF1C8CBA22CD036E00F3A862 /* UIImageExtension.swift in Sources */,
				FF763F4E22D6244600620347 /* HomeViewTableViewDelegate.swift in Sources */,
				4A0DB2C322D6900E00BA38D5 /* StorySettingsPresenter.swift in Sources */,
				FFA0658F22D4D51B003B0B60 /* BioInteractor.swift in Sources */,
				4A493A0D22DE5F36008FFE12 /* HomeCollectionViewDataSource.swift in Sources */,
				FF1C8CC022CD154100F3A862 /* UICollectionViewCellExtension.swift in Sources */,
				FFA0659622D4D719003B0B60 /* MainViewInteractor.swift in Sources */,
				FF3DCFCB22CE567600BAC269 /* FriendCollectionViewCell.swift in Sources */,
			);
			runOnlyForDeploymentPostprocessing = 0;
		};
		FF1C8C9722CCC3B800F3A862 /* Sources */ = {
			isa = PBXSourcesBuildPhase;
			buildActionMask = 2147483647;
			files = (
				FF1C8CA022CCC3B800F3A862 /* MockUpUITests.swift in Sources */,
			);
			runOnlyForDeploymentPostprocessing = 0;
		};
/* End PBXSourcesBuildPhase section */

/* Begin PBXTargetDependency section */
		FF1C8C9D22CCC3B800F3A862 /* PBXTargetDependency */ = {
			isa = PBXTargetDependency;
			target = FF1C8C8622CCC3B600F3A862 /* MockUpUI */;
			targetProxy = FF1C8C9C22CCC3B800F3A862 /* PBXContainerItemProxy */;
		};
/* End PBXTargetDependency section */

/* Begin PBXVariantGroup section */
		FF1C8C8E22CCC3B600F3A862 /* Main.storyboard */ = {
			isa = PBXVariantGroup;
			children = (
				FF1C8C8F22CCC3B600F3A862 /* Base */,
			);
			name = Main.storyboard;
			sourceTree = "<group>";
		};
		FF1C8C9322CCC3B800F3A862 /* LaunchScreen.storyboard */ = {
			isa = PBXVariantGroup;
			children = (
				FF1C8C9422CCC3B800F3A862 /* Base */,
			);
			name = LaunchScreen.storyboard;
			sourceTree = "<group>";
		};
/* End PBXVariantGroup section */

/* Begin XCBuildConfiguration section */
		FF1C8CA222CCC3B800F3A862 /* Debug */ = {
			isa = XCBuildConfiguration;
			buildSettings = {
				ALWAYS_SEARCH_USER_PATHS = NO;
				CLANG_ANALYZER_NONNULL = YES;
				CLANG_ANALYZER_NUMBER_OBJECT_CONVERSION = YES_AGGRESSIVE;
				CLANG_CXX_LANGUAGE_STANDARD = "gnu++14";
				CLANG_CXX_LIBRARY = "libc++";
				CLANG_ENABLE_MODULES = YES;
				CLANG_ENABLE_OBJC_ARC = YES;
				CLANG_ENABLE_OBJC_WEAK = YES;
				CLANG_WARN_BLOCK_CAPTURE_AUTORELEASING = YES;
				CLANG_WARN_BOOL_CONVERSION = YES;
				CLANG_WARN_COMMA = YES;
				CLANG_WARN_CONSTANT_CONVERSION = YES;
				CLANG_WARN_DEPRECATED_OBJC_IMPLEMENTATIONS = YES;
				CLANG_WARN_DIRECT_OBJC_ISA_USAGE = YES_ERROR;
				CLANG_WARN_DOCUMENTATION_COMMENTS = YES;
				CLANG_WARN_EMPTY_BODY = YES;
				CLANG_WARN_ENUM_CONVERSION = YES;
				CLANG_WARN_INFINITE_RECURSION = YES;
				CLANG_WARN_INT_CONVERSION = YES;
				CLANG_WARN_NON_LITERAL_NULL_CONVERSION = YES;
				CLANG_WARN_OBJC_IMPLICIT_RETAIN_SELF = YES;
				CLANG_WARN_OBJC_LITERAL_CONVERSION = YES;
				CLANG_WARN_OBJC_ROOT_CLASS = YES_ERROR;
				CLANG_WARN_RANGE_LOOP_ANALYSIS = YES;
				CLANG_WARN_STRICT_PROTOTYPES = YES;
				CLANG_WARN_SUSPICIOUS_MOVE = YES;
				CLANG_WARN_UNGUARDED_AVAILABILITY = YES_AGGRESSIVE;
				CLANG_WARN_UNREACHABLE_CODE = YES;
				CLANG_WARN__DUPLICATE_METHOD_MATCH = YES;
				CODE_SIGN_IDENTITY = "iPhone Developer";
				COPY_PHASE_STRIP = NO;
				DEBUG_INFORMATION_FORMAT = dwarf;
				ENABLE_STRICT_OBJC_MSGSEND = YES;
				ENABLE_TESTABILITY = YES;
				GCC_C_LANGUAGE_STANDARD = gnu11;
				GCC_DYNAMIC_NO_PIC = NO;
				GCC_NO_COMMON_BLOCKS = YES;
				GCC_OPTIMIZATION_LEVEL = 0;
				GCC_PREPROCESSOR_DEFINITIONS = (
					"DEBUG=1",
					"$(inherited)",
				);
				GCC_WARN_64_TO_32_BIT_CONVERSION = YES;
				GCC_WARN_ABOUT_RETURN_TYPE = YES_ERROR;
				GCC_WARN_UNDECLARED_SELECTOR = YES;
				GCC_WARN_UNINITIALIZED_AUTOS = YES_AGGRESSIVE;
				GCC_WARN_UNUSED_FUNCTION = YES;
				GCC_WARN_UNUSED_VARIABLE = YES;
				IPHONEOS_DEPLOYMENT_TARGET = 12.2;
				MTL_ENABLE_DEBUG_INFO = INCLUDE_SOURCE;
				MTL_FAST_MATH = YES;
				ONLY_ACTIVE_ARCH = YES;
				SDKROOT = iphoneos;
				SWIFT_ACTIVE_COMPILATION_CONDITIONS = DEBUG;
				SWIFT_OPTIMIZATION_LEVEL = "-Onone";
			};
			name = Debug;
		};
		FF1C8CA322CCC3B800F3A862 /* Release */ = {
			isa = XCBuildConfiguration;
			buildSettings = {
				ALWAYS_SEARCH_USER_PATHS = NO;
				CLANG_ANALYZER_NONNULL = YES;
				CLANG_ANALYZER_NUMBER_OBJECT_CONVERSION = YES_AGGRESSIVE;
				CLANG_CXX_LANGUAGE_STANDARD = "gnu++14";
				CLANG_CXX_LIBRARY = "libc++";
				CLANG_ENABLE_MODULES = YES;
				CLANG_ENABLE_OBJC_ARC = YES;
				CLANG_ENABLE_OBJC_WEAK = YES;
				CLANG_WARN_BLOCK_CAPTURE_AUTORELEASING = YES;
				CLANG_WARN_BOOL_CONVERSION = YES;
				CLANG_WARN_COMMA = YES;
				CLANG_WARN_CONSTANT_CONVERSION = YES;
				CLANG_WARN_DEPRECATED_OBJC_IMPLEMENTATIONS = YES;
				CLANG_WARN_DIRECT_OBJC_ISA_USAGE = YES_ERROR;
				CLANG_WARN_DOCUMENTATION_COMMENTS = YES;
				CLANG_WARN_EMPTY_BODY = YES;
				CLANG_WARN_ENUM_CONVERSION = YES;
				CLANG_WARN_INFINITE_RECURSION = YES;
				CLANG_WARN_INT_CONVERSION = YES;
				CLANG_WARN_NON_LITERAL_NULL_CONVERSION = YES;
				CLANG_WARN_OBJC_IMPLICIT_RETAIN_SELF = YES;
				CLANG_WARN_OBJC_LITERAL_CONVERSION = YES;
				CLANG_WARN_OBJC_ROOT_CLASS = YES_ERROR;
				CLANG_WARN_RANGE_LOOP_ANALYSIS = YES;
				CLANG_WARN_STRICT_PROTOTYPES = YES;
				CLANG_WARN_SUSPICIOUS_MOVE = YES;
				CLANG_WARN_UNGUARDED_AVAILABILITY = YES_AGGRESSIVE;
				CLANG_WARN_UNREACHABLE_CODE = YES;
				CLANG_WARN__DUPLICATE_METHOD_MATCH = YES;
				CODE_SIGN_IDENTITY = "iPhone Developer";
				COPY_PHASE_STRIP = NO;
				DEBUG_INFORMATION_FORMAT = "dwarf-with-dsym";
				ENABLE_NS_ASSERTIONS = NO;
				ENABLE_STRICT_OBJC_MSGSEND = YES;
				GCC_C_LANGUAGE_STANDARD = gnu11;
				GCC_NO_COMMON_BLOCKS = YES;
				GCC_WARN_64_TO_32_BIT_CONVERSION = YES;
				GCC_WARN_ABOUT_RETURN_TYPE = YES_ERROR;
				GCC_WARN_UNDECLARED_SELECTOR = YES;
				GCC_WARN_UNINITIALIZED_AUTOS = YES_AGGRESSIVE;
				GCC_WARN_UNUSED_FUNCTION = YES;
				GCC_WARN_UNUSED_VARIABLE = YES;
				IPHONEOS_DEPLOYMENT_TARGET = 12.2;
				MTL_ENABLE_DEBUG_INFO = NO;
				MTL_FAST_MATH = YES;
				SDKROOT = iphoneos;
				SWIFT_COMPILATION_MODE = wholemodule;
				SWIFT_OPTIMIZATION_LEVEL = "-O";
				VALIDATE_PRODUCT = YES;
			};
			name = Release;
		};
		FF1C8CA522CCC3B800F3A862 /* Debug */ = {
			isa = XCBuildConfiguration;
			buildSettings = {
				ASSETCATALOG_COMPILER_APPICON_NAME = AppIcon;
				CODE_SIGN_STYLE = Automatic;
				DEVELOPMENT_TEAM = 877F6QXPAM;
				INFOPLIST_FILE = MockUpUI/Info.plist;
				IPHONEOS_DEPLOYMENT_TARGET = 11.0;
				LD_RUNPATH_SEARCH_PATHS = (
					"$(inherited)",
					"@executable_path/Frameworks",
				);
				PRODUCT_BUNDLE_IDENTIFIER = com.iappsdevelopment.MockUpUI;
				PRODUCT_NAME = "$(TARGET_NAME)";
				SWIFT_VERSION = 5.0;
				TARGETED_DEVICE_FAMILY = "1,2";
			};
			name = Debug;
		};
		FF1C8CA622CCC3B800F3A862 /* Release */ = {
			isa = XCBuildConfiguration;
			buildSettings = {
				ASSETCATALOG_COMPILER_APPICON_NAME = AppIcon;
				CODE_SIGN_STYLE = Automatic;
				DEVELOPMENT_TEAM = 877F6QXPAM;
				INFOPLIST_FILE = MockUpUI/Info.plist;
				IPHONEOS_DEPLOYMENT_TARGET = 11.0;
				LD_RUNPATH_SEARCH_PATHS = (
					"$(inherited)",
					"@executable_path/Frameworks",
				);
				PRODUCT_BUNDLE_IDENTIFIER = com.iappsdevelopment.MockUpUI;
				PRODUCT_NAME = "$(TARGET_NAME)";
				SWIFT_VERSION = 5.0;
				TARGETED_DEVICE_FAMILY = "1,2";
			};
			name = Release;
		};
		FF1C8CA822CCC3B800F3A862 /* Debug */ = {
			isa = XCBuildConfiguration;
			buildSettings = {
				ALWAYS_EMBED_SWIFT_STANDARD_LIBRARIES = YES;
				BUNDLE_LOADER = "$(TEST_HOST)";
				CODE_SIGN_STYLE = Automatic;
				DEVELOPMENT_TEAM = 877F6QXPAM;
				INFOPLIST_FILE = MockUpUITests/Info.plist;
				LD_RUNPATH_SEARCH_PATHS = (
					"$(inherited)",
					"@executable_path/Frameworks",
					"@loader_path/Frameworks",
				);
				PRODUCT_BUNDLE_IDENTIFIER = com.iappsdevelopment.MockUpUITests;
				PRODUCT_NAME = "$(TARGET_NAME)";
				SWIFT_VERSION = 5.0;
				TARGETED_DEVICE_FAMILY = "1,2";
				TEST_HOST = "$(BUILT_PRODUCTS_DIR)/MockUpUI.app/MockUpUI";
			};
			name = Debug;
		};
		FF1C8CA922CCC3B800F3A862 /* Release */ = {
			isa = XCBuildConfiguration;
			buildSettings = {
				ALWAYS_EMBED_SWIFT_STANDARD_LIBRARIES = YES;
				BUNDLE_LOADER = "$(TEST_HOST)";
				CODE_SIGN_STYLE = Automatic;
				DEVELOPMENT_TEAM = 877F6QXPAM;
				INFOPLIST_FILE = MockUpUITests/Info.plist;
				LD_RUNPATH_SEARCH_PATHS = (
					"$(inherited)",
					"@executable_path/Frameworks",
					"@loader_path/Frameworks",
				);
				PRODUCT_BUNDLE_IDENTIFIER = com.iappsdevelopment.MockUpUITests;
				PRODUCT_NAME = "$(TARGET_NAME)";
				SWIFT_VERSION = 5.0;
				TARGETED_DEVICE_FAMILY = "1,2";
				TEST_HOST = "$(BUILT_PRODUCTS_DIR)/MockUpUI.app/MockUpUI";
			};
			name = Release;
		};
/* End XCBuildConfiguration section */

/* Begin XCConfigurationList section */
		FF1C8C8222CCC3B600F3A862 /* Build configuration list for PBXProject "MockUpUI" */ = {
			isa = XCConfigurationList;
			buildConfigurations = (
				FF1C8CA222CCC3B800F3A862 /* Debug */,
				FF1C8CA322CCC3B800F3A862 /* Release */,
			);
			defaultConfigurationIsVisible = 0;
			defaultConfigurationName = Release;
		};
		FF1C8CA422CCC3B800F3A862 /* Build configuration list for PBXNativeTarget "MockUpUI" */ = {
			isa = XCConfigurationList;
			buildConfigurations = (
				FF1C8CA522CCC3B800F3A862 /* Debug */,
				FF1C8CA622CCC3B800F3A862 /* Release */,
			);
			defaultConfigurationIsVisible = 0;
			defaultConfigurationName = Release;
		};
		FF1C8CA722CCC3B800F3A862 /* Build configuration list for PBXNativeTarget "MockUpUITests" */ = {
			isa = XCConfigurationList;
			buildConfigurations = (
				FF1C8CA822CCC3B800F3A862 /* Debug */,
				FF1C8CA922CCC3B800F3A862 /* Release */,
			);
			defaultConfigurationIsVisible = 0;
			defaultConfigurationName = Release;
		};
/* End XCConfigurationList section */
	};
	rootObject = FF1C8C7F22CCC3B600F3A862 /* Project object */;
}
